
Microsoft Visual Studio Solution File, Format Version 12.00
Project("{FAE04EC0-301F-11D3-BF4B-00C04F79EFBC}") = "rabbitmq.merge.sort.consumer", "rabbitmq.merge.sort.consumer\rabbitmq.merge.sort.consumer.csproj", "{6586AE99-01A3-4A79-872E-FB114C994167}"
EndProject
Global
	GlobalSection(SolutionConfigurationPlatforms) = preSolution
		Debug|Any CPU = Debug|Any CPU
		Release|Any CPU = Release|Any CPU
	EndGlobalSection
	GlobalSection(ProjectConfigurationPlatforms) = postSolution
		{6586AE99-01A3-4A79-872E-FB114C994167}.Debug|Any CPU.ActiveCfg = Debug|Any CPU
		{6586AE99-01A3-4A79-872E-FB114C994167}.Debug|Any CPU.Build.0 = Debug|Any CPU
		{6586AE99-01A3-4A79-872E-FB114C994167}.Release|Any CPU.ActiveCfg = Release|Any CPU
		{6586AE99-01A3-4A79-872E-FB114C994167}.Release|Any CPU.Build.0 = Release|Any CPU
	EndGlobalSection
EndGlobal
